
Microsoft Visual Studio Solution File, Format Version 12.00
# Visual Studio Version 16
VisualStudioVersion = 16.0.810.9
MinimumVisualStudioVersion = 10.0.40219.1
Project("{FAE04EC0-301F-11D3-BF4B-00C04F79EFBC}") = "Assembly-CSharp-Editor-firstpass", "Assembly-CSharp-Editor-firstpass.csproj", "{E0C08998-91B9-5A22-FB26-4061A0812A3B}"
EndProject
Global
	GlobalSection(SolutionConfigurationPlatforms) = preSolution
		Debug|Any CPU = Debug|Any CPU
		Release|Any CPU = Release|Any CPU
	EndGlobalSection
	GlobalSection(ProjectConfigurationPlatforms) = postSolution
		{E0C08998-91B9-5A22-FB26-4061A0812A3B}.Debug|Any CPU.ActiveCfg = Debug|Any CPU
		{E0C08998-91B9-5A22-FB26-4061A0812A3B}.Debug|Any CPU.Build.0 = Debug|Any CPU
		{E0C08998-91B9-5A22-FB26-4061A0812A3B}.Release|Any CPU.ActiveCfg = Release|Any CPU
		{E0C08998-91B9-5A22-FB26-4061A0812A3B}.Release|Any CPU.Build.0 = Release|Any CPU
	EndGlobalSection
	GlobalSection(SolutionProperties) = preSolution
		HideSolutionNode = FALSE
	EndGlobalSection
	GlobalSection(ExtensibilityGlobals) = postSolution
		SolutionGuid = {19CBE9BB-F824-414B-AACC-D2C101BB81D4}
	EndGlobalSection
EndGlobal
