
Microsoft Visual Studio Solution File, Format Version 11.00
# Visual Studio 2010
Project("{FAE04EC0-301F-11D3-BF4B-00C04F79EFBC}") = "Unity.2D.PixelPerfect.Tests", "Unity.2D.PixelPerfect.Tests.csproj", "{116C54E3-6E64-7A8E-3F6A-136ACEA25811}"
EndProject
Project("{FAE04EC0-301F-11D3-BF4B-00C04F79EFBC}") = "UnityEngine.TestRunner", "UnityEngine.TestRunner.csproj", "{057FB7AF-BE7A-7295-37F8-AC5EC4BC8239}"
EndProject
Project("{FAE04EC0-301F-11D3-BF4B-00C04F79EFBC}") = "Unity.Mathematics", "Unity.Mathematics.csproj", "{DE713A4F-A4F4-A243-836B-5299500E21A4}"
EndProject
Project("{FAE04EC0-301F-11D3-BF4B-00C04F79EFBC}") = "Unity.2D.Animation.Triangle.Runtime", "Unity.2D.Animation.Triangle.Runtime.csproj", "{8D883028-F120-0A77-39EB-7D788CCABC03}"
EndProject
Project("{FAE04EC0-301F-11D3-BF4B-00C04F79EFBC}") = "UnityEngine.UI.Tests", "UnityEngine.UI.Tests.csproj", "{8579636F-CB00-998B-5A16-620F09A38123}"
EndProject
Project("{FAE04EC0-301F-11D3-BF4B-00C04F79EFBC}") = "Unity.Timeline", "Unity.Timeline.csproj", "{B7A30C4C-FA4A-4BAD-90F0-3119A0ECB731}"
EndProject
Project("{FAE04EC0-301F-11D3-BF4B-00C04F79EFBC}") = "UnityEngine.UI", "UnityEngine.UI.csproj", "{5B2DD618-D003-E1E9-5937-0BF7E2CDD643}"
EndProject
Project("{FAE04EC0-301F-11D3-BF4B-00C04F79EFBC}") = "Unity.TextMeshPro", "Unity.TextMeshPro.csproj", "{2B01154C-55A8-249D-15C8-C22660BD2F0C}"
EndProject
Project("{FAE04EC0-301F-11D3-BF4B-00C04F79EFBC}") = "Unity.2D.Animation.Runtime", "Unity.2D.Animation.Runtime.csproj", "{318F9A48-C084-F34A-FAE2-F8D658C5D880}"
EndProject
Project("{FAE04EC0-301F-11D3-BF4B-00C04F79EFBC}") = "Unity.2D.IK.Runtime", "Unity.2D.IK.Runtime.csproj", "{1806F562-63A4-7680-13E6-43F5069FFAD7}"
EndProject
Project("{FAE04EC0-301F-11D3-BF4B-00C04F79EFBC}") = "Unity.2D.SpriteShape.Runtime", "Unity.2D.SpriteShape.Runtime.csproj", "{C897F0F8-27D9-DABF-A875-6BDA162283EE}"
EndProject
Project("{FAE04EC0-301F-11D3-BF4B-00C04F79EFBC}") = "Unity.2D.PixelPerfect", "Unity.2D.PixelPerfect.csproj", "{4628B571-F3A9-660C-CC1C-5B2D8C0B968A}"
EndProject
Project("{FAE04EC0-301F-11D3-BF4B-00C04F79EFBC}") = "Assembly-CSharp", "Assembly-CSharp.csproj", "{1AB40A12-6F58-866A-8F8E-FC9ABC9582AE}"
EndProject
Project("{FAE04EC0-301F-11D3-BF4B-00C04F79EFBC}") = "Unity.2D.Common.Runtime", "Unity.2D.Common.Runtime.csproj", "{F17566AB-9DD3-C3FE-0BB0-3A914A7B96D1}"
EndProject
Project("{FAE04EC0-301F-11D3-BF4B-00C04F79EFBC}") = "Unity.TextMeshPro.Tests", "Unity.TextMeshPro.Tests.csproj", "{B1F31912-60F5-89E9-9FCF-281DE00C60AA}"
EndProject
Project("{FAE04EC0-301F-11D3-BF4B-00C04F79EFBC}") = "Unity.InternalAPIEngineBridge.001", "Unity.InternalAPIEngineBridge.001.csproj", "{EBF6F3A0-FFDA-8D59-20E3-576008441D87}"
EndProject
Project("{FAE04EC0-301F-11D3-BF4B-00C04F79EFBC}") = "UnityEditor.TestRunner", "UnityEditor.TestRunner.csproj", "{199FC811-E5BE-CC5A-6ABB-E0C61AC26E9A}"
EndProject
Project("{FAE04EC0-301F-11D3-BF4B-00C04F79EFBC}") = "Unity.PlasticSCM.Editor", "Unity.PlasticSCM.Editor.csproj", "{1A46DB2A-E4AE-8490-E028-65F175C89EC4}"
EndProject
Project("{FAE04EC0-301F-11D3-BF4B-00C04F79EFBC}") = "UnityEditor.UI", "UnityEditor.UI.csproj", "{058017CB-B61A-68C5-00E2-C42E4C65E6BF}"
EndProject
Project("{FAE04EC0-301F-11D3-BF4B-00C04F79EFBC}") = "Unity.Timeline.Editor", "Unity.Timeline.Editor.csproj", "{BAEDBF77-C8FC-7505-D485-35C47C983F36}"
EndProject
Project("{FAE04EC0-301F-11D3-BF4B-00C04F79EFBC}") = "Unity.VisualStudio.Editor", "Unity.VisualStudio.Editor.csproj", "{F5EFFF27-D255-EE29-0ED1-CB5063D07678}"
EndProject
Project("{FAE04EC0-301F-11D3-BF4B-00C04F79EFBC}") = "Unity.2D.Psdimporter.Editor", "Unity.2D.Psdimporter.Editor.csproj", "{B3771A00-4DD0-46DE-67BB-52DF782E85AD}"
EndProject
Project("{FAE04EC0-301F-11D3-BF4B-00C04F79EFBC}") = "Unity.2D.Animation.Editor", "Unity.2D.Animation.Editor.csproj", "{A1DA510A-BD19-DE33-0F91-6F17D352208F}"
EndProject
Project("{FAE04EC0-301F-11D3-BF4B-00C04F79EFBC}") = "Unity.TextMeshPro.Editor", "Unity.TextMeshPro.Editor.csproj", "{29862AF8-55F2-A7D8-D670-10976F37220A}"
EndProject
Project("{FAE04EC0-301F-11D3-BF4B-00C04F79EFBC}") = "Unity.2D.SpriteShape.Editor", "Unity.2D.SpriteShape.Editor.csproj", "{4AF62B80-E539-2D8C-8E36-1B0E201D2CC7}"
EndProject
Project("{FAE04EC0-301F-11D3-BF4B-00C04F79EFBC}") = "Unity.CollabProxy.Editor", "Unity.CollabProxy.Editor.csproj", "{12352A49-45A8-8249-CD85-42036A004FE1}"
EndProject
Project("{FAE04EC0-301F-11D3-BF4B-00C04F79EFBC}") = "PsdPlugin", "PsdPlugin.csproj", "{88A94BFE-2A1E-E2B0-1D61-894B9EFFEC40}"
EndProject
Project("{FAE04EC0-301F-11D3-BF4B-00C04F79EFBC}") = "DocCodeExamples", "DocCodeExamples.csproj", "{A3906543-D447-8E49-C6C0-F926BC76C00D}"
EndProject
Project("{FAE04EC0-301F-11D3-BF4B-00C04F79EFBC}") = "Unity.2D.Path.Editor", "Unity.2D.Path.Editor.csproj", "{4E7405F3-CF08-50B4-E13E-76AD8FFEDC8C}"
EndProject
Project("{FAE04EC0-301F-11D3-BF4B-00C04F79EFBC}") = "Unity.Mathematics.Tests", "Unity.Mathematics.Tests.csproj", "{03B4DDFA-AAC0-1379-3CB4-7CD070938867}"
EndProject
Project("{FAE04EC0-301F-11D3-BF4B-00C04F79EFBC}") = "Unity.PlasticSCM.EditorTests", "Unity.PlasticSCM.EditorTests.csproj", "{203FC8C3-4AEF-6C85-555D-C873BABA7EDB}"
EndProject
Project("{FAE04EC0-301F-11D3-BF4B-00C04F79EFBC}") = "Unity.Rider.Editor", "Unity.Rider.Editor.csproj", "{0B925FD4-2EEC-E25A-1E77-02912D056D9E}"
EndProject
Project("{FAE04EC0-301F-11D3-BF4B-00C04F79EFBC}") = "UnityEditor.UI.EditorTests", "UnityEditor.UI.EditorTests.csproj", "{E532DA9E-10FA-DE0D-1A1D-BA2C7A28F9AA}"
EndProject
Project("{FAE04EC0-301F-11D3-BF4B-00C04F79EFBC}") = "Unity.CollabProxy.EditorTests", "Unity.CollabProxy.EditorTests.csproj", "{DB062C32-54EB-4FE2-375B-6FF7F7185025}"
EndProject
Project("{FAE04EC0-301F-11D3-BF4B-00C04F79EFBC}") = "Unity.2D.IK.Editor", "Unity.2D.IK.Editor.csproj", "{C380800E-2E95-C234-6CA1-18089BC0F15F}"
EndProject
Project("{FAE04EC0-301F-11D3-BF4B-00C04F79EFBC}") = "Unity.2D.SpriteShape.EditorTests", "Unity.2D.SpriteShape.EditorTests.csproj", "{BE9028DA-DCD1-7A66-9204-249CC66C5AD4}"
EndProject
Project("{FAE04EC0-301F-11D3-BF4B-00C04F79EFBC}") = "Unity.2D.Sprite.Editor", "Unity.2D.Sprite.Editor.csproj", "{AFE01BE1-D042-D851-C875-12F9A6D12C02}"
EndProject
Project("{FAE04EC0-301F-11D3-BF4B-00C04F79EFBC}") = "Unity.2D.Tilemap.Editor", "Unity.2D.Tilemap.Editor.csproj", "{652CDA87-F412-04EA-2EF7-F3104E9F11A3}"
EndProject
Project("{FAE04EC0-301F-11D3-BF4B-00C04F79EFBC}") = "Unity.2D.PixelPerfect.Editor", "Unity.2D.PixelPerfect.Editor.csproj", "{8B6D0AD1-E39E-41D7-30ED-D86C07D63B18}"
EndProject
Project("{FAE04EC0-301F-11D3-BF4B-00C04F79EFBC}") = "Unity.VSCode.Editor", "Unity.VSCode.Editor.csproj", "{BC58DC49-0737-BE32-642B-0A16B145730D}"
EndProject
Project("{FAE04EC0-301F-11D3-BF4B-00C04F79EFBC}") = "Unity.2D.Common.Editor", "Unity.2D.Common.Editor.csproj", "{F2AEC207-9ED2-D391-5108-E3C87D8A57C5}"
EndProject
Project("{FAE04EC0-301F-11D3-BF4B-00C04F79EFBC}") = "Assembly-CSharp-Editor-firstpass", "Assembly-CSharp-Editor-firstpass.csproj", "{A7853BA1-C165-DFFE-DC5B-DF57BDA25251}"
EndProject
Project("{FAE04EC0-301F-11D3-BF4B-00C04F79EFBC}") = "Unity.Mathematics.Editor", "Unity.Mathematics.Editor.csproj", "{6FDED85F-9FF2-7E57-14BB-54206ED9B9ED}"
EndProject
Project("{FAE04EC0-301F-11D3-BF4B-00C04F79EFBC}") = "Unity.2D.PixelPerfect.Editor.Tests", "Unity.2D.PixelPerfect.Editor.Tests.csproj", "{42AB47A0-AD14-99C5-5312-A6178F09E133}"
EndProject
Project("{FAE04EC0-301F-11D3-BF4B-00C04F79EFBC}") = "Unity.2D.Common.EditorTests", "Unity.2D.Common.EditorTests.csproj", "{C668450A-72AA-94D4-DA09-56FABA371FF1}"
EndProject
Project("{FAE04EC0-301F-11D3-BF4B-00C04F79EFBC}") = "Unity.2D.Path.Tests", "Unity.2D.Path.Tests.csproj", "{A19A4DA0-F364-390A-C06A-48131849450C}"
EndProject
Project("{FAE04EC0-301F-11D3-BF4B-00C04F79EFBC}") = "Unity.InternalAPIEditorBridge.001", "Unity.InternalAPIEditorBridge.001.csproj", "{05CCCDA7-75BA-534A-E7CB-C0B5B078902B}"
EndProject
Project("{FAE04EC0-301F-11D3-BF4B-00C04F79EFBC}") = "Unity.2D.Tilemap.Package.EditorTests", "Unity.2D.Tilemap.Package.EditorTests.csproj", "{C73A7B26-0CB6-E96F-A14C-92CEA14DA351}"
EndProject
Project("{FAE04EC0-301F-11D3-BF4B-00C04F79EFBC}") = "Unity.2D.Psdimporter.EditorTests", "Unity.2D.Psdimporter.EditorTests.csproj", "{1833860C-EA24-F67C-0CCD-8FB1AAB666B7}"
EndProject
Project("{FAE04EC0-301F-11D3-BF4B-00C04F79EFBC}") = "Unity.2D.Sprite.Package.EditorTests", "Unity.2D.Sprite.Package.EditorTests.csproj", "{BDAD884A-669F-A29A-5709-FAC7A4D35AE0}"
EndProject
Project("{FAE04EC0-301F-11D3-BF4B-00C04F79EFBC}") = "Unity.TextMeshPro.Editor.Tests", "Unity.TextMeshPro.Editor.Tests.csproj", "{2DB361D1-EAE7-E9E3-D22D-97D723B1CB5C}"
EndProject
Project("{FAE04EC0-301F-11D3-BF4B-00C04F79EFBC}") = "Unity.2D.Animation.EditorTests", "Unity.2D.Animation.EditorTests.csproj", "{4931D774-4EBA-5593-FEFA-98B31C7636AF}"
EndProject
Global
	GlobalSection(SolutionConfigurationPlatforms) = preSolution
		Debug|Any CPU = Debug|Any CPU
		Release|Any CPU = Release|Any CPU
	EndGlobalSection
	GlobalSection(ProjectConfigurationPlatforms) = postSolution
		{116C54E3-6E64-7A8E-3F6A-136ACEA25811}.Debug|Any CPU.ActiveCfg = Debug|Any CPU
		{116C54E3-6E64-7A8E-3F6A-136ACEA25811}.Debug|Any CPU.Build.0 = Debug|Any CPU
		{116C54E3-6E64-7A8E-3F6A-136ACEA25811}.Release|Any CPU.ActiveCfg = Release|Any CPU
		{116C54E3-6E64-7A8E-3F6A-136ACEA25811}.Release|Any CPU.Build.0 = Release|Any CPU
		{057FB7AF-BE7A-7295-37F8-AC5EC4BC8239}.Debug|Any CPU.ActiveCfg = Debug|Any CPU
		{057FB7AF-BE7A-7295-37F8-AC5EC4BC8239}.Debug|Any CPU.Build.0 = Debug|Any CPU
		{057FB7AF-BE7A-7295-37F8-AC5EC4BC8239}.Release|Any CPU.ActiveCfg = Release|Any CPU
		{057FB7AF-BE7A-7295-37F8-AC5EC4BC8239}.Release|Any CPU.Build.0 = Release|Any CPU
		{DE713A4F-A4F4-A243-836B-5299500E21A4}.Debug|Any CPU.ActiveCfg = Debug|Any CPU
		{DE713A4F-A4F4-A243-836B-5299500E21A4}.Debug|Any CPU.Build.0 = Debug|Any CPU
		{DE713A4F-A4F4-A243-836B-5299500E21A4}.Release|Any CPU.ActiveCfg = Release|Any CPU
		{DE713A4F-A4F4-A243-836B-5299500E21A4}.Release|Any CPU.Build.0 = Release|Any CPU
		{8D883028-F120-0A77-39EB-7D788CCABC03}.Debug|Any CPU.ActiveCfg = Debug|Any CPU
		{8D883028-F120-0A77-39EB-7D788CCABC03}.Debug|Any CPU.Build.0 = Debug|Any CPU
		{8D883028-F120-0A77-39EB-7D788CCABC03}.Release|Any CPU.ActiveCfg = Release|Any CPU
		{8D883028-F120-0A77-39EB-7D788CCABC03}.Release|Any CPU.Build.0 = Release|Any CPU
		{8579636F-CB00-998B-5A16-620F09A38123}.Debug|Any CPU.ActiveCfg = Debug|Any CPU
		{8579636F-CB00-998B-5A16-620F09A38123}.Debug|Any CPU.Build.0 = Debug|Any CPU
		{8579636F-CB00-998B-5A16-620F09A38123}.Release|Any CPU.ActiveCfg = Release|Any CPU
		{8579636F-CB00-998B-5A16-620F09A38123}.Release|Any CPU.Build.0 = Release|Any CPU
		{B7A30C4C-FA4A-4BAD-90F0-3119A0ECB731}.Debug|Any CPU.ActiveCfg = Debug|Any CPU
		{B7A30C4C-FA4A-4BAD-90F0-3119A0ECB731}.Debug|Any CPU.Build.0 = Debug|Any CPU
		{B7A30C4C-FA4A-4BAD-90F0-3119A0ECB731}.Release|Any CPU.ActiveCfg = Release|Any CPU
		{B7A30C4C-FA4A-4BAD-90F0-3119A0ECB731}.Release|Any CPU.Build.0 = Release|Any CPU
		{5B2DD618-D003-E1E9-5937-0BF7E2CDD643}.Debug|Any CPU.ActiveCfg = Debug|Any CPU
		{5B2DD618-D003-E1E9-5937-0BF7E2CDD643}.Debug|Any CPU.Build.0 = Debug|Any CPU
		{5B2DD618-D003-E1E9-5937-0BF7E2CDD643}.Release|Any CPU.ActiveCfg = Release|Any CPU
		{5B2DD618-D003-E1E9-5937-0BF7E2CDD643}.Release|Any CPU.Build.0 = Release|Any CPU
		{2B01154C-55A8-249D-15C8-C22660BD2F0C}.Debug|Any CPU.ActiveCfg = Debug|Any CPU
		{2B01154C-55A8-249D-15C8-C22660BD2F0C}.Debug|Any CPU.Build.0 = Debug|Any CPU
		{2B01154C-55A8-249D-15C8-C22660BD2F0C}.Release|Any CPU.ActiveCfg = Release|Any CPU
		{2B01154C-55A8-249D-15C8-C22660BD2F0C}.Release|Any CPU.Build.0 = Release|Any CPU
		{318F9A48-C084-F34A-FAE2-F8D658C5D880}.Debug|Any CPU.ActiveCfg = Debug|Any CPU
		{318F9A48-C084-F34A-FAE2-F8D658C5D880}.Debug|Any CPU.Build.0 = Debug|Any CPU
		{318F9A48-C084-F34A-FAE2-F8D658C5D880}.Release|Any CPU.ActiveCfg = Release|Any CPU
		{318F9A48-C084-F34A-FAE2-F8D658C5D880}.Release|Any CPU.Build.0 = Release|Any CPU
		{1806F562-63A4-7680-13E6-43F5069FFAD7}.Debug|Any CPU.ActiveCfg = Debug|Any CPU
		{1806F562-63A4-7680-13E6-43F5069FFAD7}.Debug|Any CPU.Build.0 = Debug|Any CPU
		{1806F562-63A4-7680-13E6-43F5069FFAD7}.Release|Any CPU.ActiveCfg = Release|Any CPU
		{1806F562-63A4-7680-13E6-43F5069FFAD7}.Release|Any CPU.Build.0 = Release|Any CPU
		{C897F0F8-27D9-DABF-A875-6BDA162283EE}.Debug|Any CPU.ActiveCfg = Debug|Any CPU
		{C897F0F8-27D9-DABF-A875-6BDA162283EE}.Debug|Any CPU.Build.0 = Debug|Any CPU
		{C897F0F8-27D9-DABF-A875-6BDA162283EE}.Release|Any CPU.ActiveCfg = Release|Any CPU
		{C897F0F8-27D9-DABF-A875-6BDA162283EE}.Release|Any CPU.Build.0 = Release|Any CPU
		{4628B571-F3A9-660C-CC1C-5B2D8C0B968A}.Debug|Any CPU.ActiveCfg = Debug|Any CPU
		{4628B571-F3A9-660C-CC1C-5B2D8C0B968A}.Debug|Any CPU.Build.0 = Debug|Any CPU
		{4628B571-F3A9-660C-CC1C-5B2D8C0B968A}.Release|Any CPU.ActiveCfg = Release|Any CPU
		{4628B571-F3A9-660C-CC1C-5B2D8C0B968A}.Release|Any CPU.Build.0 = Release|Any CPU
		{1AB40A12-6F58-866A-8F8E-FC9ABC9582AE}.Debug|Any CPU.ActiveCfg = Debug|Any CPU
		{1AB40A12-6F58-866A-8F8E-FC9ABC9582AE}.Debug|Any CPU.Build.0 = Debug|Any CPU
		{1AB40A12-6F58-866A-8F8E-FC9ABC9582AE}.Release|Any CPU.ActiveCfg = Release|Any CPU
		{1AB40A12-6F58-866A-8F8E-FC9ABC9582AE}.Release|Any CPU.Build.0 = Release|Any CPU
		{F17566AB-9DD3-C3FE-0BB0-3A914A7B96D1}.Debug|Any CPU.ActiveCfg = Debug|Any CPU
		{F17566AB-9DD3-C3FE-0BB0-3A914A7B96D1}.Debug|Any CPU.Build.0 = Debug|Any CPU
		{F17566AB-9DD3-C3FE-0BB0-3A914A7B96D1}.Release|Any CPU.ActiveCfg = Release|Any CPU
		{F17566AB-9DD3-C3FE-0BB0-3A914A7B96D1}.Release|Any CPU.Build.0 = Release|Any CPU
		{B1F31912-60F5-89E9-9FCF-281DE00C60AA}.Debug|Any CPU.ActiveCfg = Debug|Any CPU
		{B1F31912-60F5-89E9-9FCF-281DE00C60AA}.Debug|Any CPU.Build.0 = Debug|Any CPU
		{B1F31912-60F5-89E9-9FCF-281DE00C60AA}.Release|Any CPU.ActiveCfg = Release|Any CPU
		{B1F31912-60F5-89E9-9FCF-281DE00C60AA}.Release|Any CPU.Build.0 = Release|Any CPU
		{EBF6F3A0-FFDA-8D59-20E3-576008441D87}.Debug|Any CPU.ActiveCfg = Debug|Any CPU
		{EBF6F3A0-FFDA-8D59-20E3-576008441D87}.Debug|Any CPU.Build.0 = Debug|Any CPU
		{EBF6F3A0-FFDA-8D59-20E3-576008441D87}.Release|Any CPU.ActiveCfg = Release|Any CPU
		{EBF6F3A0-FFDA-8D59-20E3-576008441D87}.Release|Any CPU.Build.0 = Release|Any CPU
		{199FC811-E5BE-CC5A-6ABB-E0C61AC26E9A}.Debug|Any CPU.ActiveCfg = Debug|Any CPU
		{199FC811-E5BE-CC5A-6ABB-E0C61AC26E9A}.Debug|Any CPU.Build.0 = Debug|Any CPU
		{199FC811-E5BE-CC5A-6ABB-E0C61AC26E9A}.Release|Any CPU.ActiveCfg = Release|Any CPU
		{199FC811-E5BE-CC5A-6ABB-E0C61AC26E9A}.Release|Any CPU.Build.0 = Release|Any CPU
		{1A46DB2A-E4AE-8490-E028-65F175C89EC4}.Debug|Any CPU.ActiveCfg = Debug|Any CPU
		{1A46DB2A-E4AE-8490-E028-65F175C89EC4}.Debug|Any CPU.Build.0 = Debug|Any CPU
		{1A46DB2A-E4AE-8490-E028-65F175C89EC4}.Release|Any CPU.ActiveCfg = Release|Any CPU
		{1A46DB2A-E4AE-8490-E028-65F175C89EC4}.Release|Any CPU.Build.0 = Release|Any CPU
		{058017CB-B61A-68C5-00E2-C42E4C65E6BF}.Debug|Any CPU.ActiveCfg = Debug|Any CPU
		{058017CB-B61A-68C5-00E2-C42E4C65E6BF}.Debug|Any CPU.Build.0 = Debug|Any CPU
		{058017CB-B61A-68C5-00E2-C42E4C65E6BF}.Release|Any CPU.ActiveCfg = Release|Any CPU
		{058017CB-B61A-68C5-00E2-C42E4C65E6BF}.Release|Any CPU.Build.0 = Release|Any CPU
		{BAEDBF77-C8FC-7505-D485-35C47C983F36}.Debug|Any CPU.ActiveCfg = Debug|Any CPU
		{BAEDBF77-C8FC-7505-D485-35C47C983F36}.Debug|Any CPU.Build.0 = Debug|Any CPU
		{BAEDBF77-C8FC-7505-D485-35C47C983F36}.Release|Any CPU.ActiveCfg = Release|Any CPU
		{BAEDBF77-C8FC-7505-D485-35C47C983F36}.Release|Any CPU.Build.0 = Release|Any CPU
		{F5EFFF27-D255-EE29-0ED1-CB5063D07678}.Debug|Any CPU.ActiveCfg = Debug|Any CPU
		{F5EFFF27-D255-EE29-0ED1-CB5063D07678}.Debug|Any CPU.Build.0 = Debug|Any CPU
		{F5EFFF27-D255-EE29-0ED1-CB5063D07678}.Release|Any CPU.ActiveCfg = Release|Any CPU
		{F5EFFF27-D255-EE29-0ED1-CB5063D07678}.Release|Any CPU.Build.0 = Release|Any CPU
		{B3771A00-4DD0-46DE-67BB-52DF782E85AD}.Debug|Any CPU.ActiveCfg = Debug|Any CPU
		{B3771A00-4DD0-46DE-67BB-52DF782E85AD}.Debug|Any CPU.Build.0 = Debug|Any CPU
		{B3771A00-4DD0-46DE-67BB-52DF782E85AD}.Release|Any CPU.ActiveCfg = Release|Any CPU
		{B3771A00-4DD0-46DE-67BB-52DF782E85AD}.Release|Any CPU.Build.0 = Release|Any CPU
		{A1DA510A-BD19-DE33-0F91-6F17D352208F}.Debug|Any CPU.ActiveCfg = Debug|Any CPU
		{A1DA510A-BD19-DE33-0F91-6F17D352208F}.Debug|Any CPU.Build.0 = Debug|Any CPU
		{A1DA510A-BD19-DE33-0F91-6F17D352208F}.Release|Any CPU.ActiveCfg = Release|Any CPU
		{A1DA510A-BD19-DE33-0F91-6F17D352208F}.Release|Any CPU.Build.0 = Release|Any CPU
		{29862AF8-55F2-A7D8-D670-10976F37220A}.Debug|Any CPU.ActiveCfg = Debug|Any CPU
		{29862AF8-55F2-A7D8-D670-10976F37220A}.Debug|Any CPU.Build.0 = Debug|Any CPU
		{29862AF8-55F2-A7D8-D670-10976F37220A}.Release|Any CPU.ActiveCfg = Release|Any CPU
		{29862AF8-55F2-A7D8-D670-10976F37220A}.Release|Any CPU.Build.0 = Release|Any CPU
		{4AF62B80-E539-2D8C-8E36-1B0E201D2CC7}.Debug|Any CPU.ActiveCfg = Debug|Any CPU
		{4AF62B80-E539-2D8C-8E36-1B0E201D2CC7}.Debug|Any CPU.Build.0 = Debug|Any CPU
		{4AF62B80-E539-2D8C-8E36-1B0E201D2CC7}.Release|Any CPU.ActiveCfg = Release|Any CPU
		{4AF62B80-E539-2D8C-8E36-1B0E201D2CC7}.Release|Any CPU.Build.0 = Release|Any CPU
		{12352A49-45A8-8249-CD85-42036A004FE1}.Debug|Any CPU.ActiveCfg = Debug|Any CPU
		{12352A49-45A8-8249-CD85-42036A004FE1}.Debug|Any CPU.Build.0 = Debug|Any CPU
		{12352A49-45A8-8249-CD85-42036A004FE1}.Release|Any CPU.ActiveCfg = Release|Any CPU
		{12352A49-45A8-8249-CD85-42036A004FE1}.Release|Any CPU.Build.0 = Release|Any CPU
		{88A94BFE-2A1E-E2B0-1D61-894B9EFFEC40}.Debug|Any CPU.ActiveCfg = Debug|Any CPU
		{88A94BFE-2A1E-E2B0-1D61-894B9EFFEC40}.Debug|Any CPU.Build.0 = Debug|Any CPU
		{88A94BFE-2A1E-E2B0-1D61-894B9EFFEC40}.Release|Any CPU.ActiveCfg = Release|Any CPU
		{88A94BFE-2A1E-E2B0-1D61-894B9EFFEC40}.Release|Any CPU.Build.0 = Release|Any CPU
		{A3906543-D447-8E49-C6C0-F926BC76C00D}.Debug|Any CPU.ActiveCfg = Debug|Any CPU
		{A3906543-D447-8E49-C6C0-F926BC76C00D}.Debug|Any CPU.Build.0 = Debug|Any CPU
		{A3906543-D447-8E49-C6C0-F926BC76C00D}.Release|Any CPU.ActiveCfg = Release|Any CPU
		{A3906543-D447-8E49-C6C0-F926BC76C00D}.Release|Any CPU.Build.0 = Release|Any CPU
		{4E7405F3-CF08-50B4-E13E-76AD8FFEDC8C}.Debug|Any CPU.ActiveCfg = Debug|Any CPU
		{4E7405F3-CF08-50B4-E13E-76AD8FFEDC8C}.Debug|Any CPU.Build.0 = Debug|Any CPU
		{4E7405F3-CF08-50B4-E13E-76AD8FFEDC8C}.Release|Any CPU.ActiveCfg = Release|Any CPU
		{4E7405F3-CF08-50B4-E13E-76AD8FFEDC8C}.Release|Any CPU.Build.0 = Release|Any CPU
		{03B4DDFA-AAC0-1379-3CB4-7CD070938867}.Debug|Any CPU.ActiveCfg = Debug|Any CPU
		{03B4DDFA-AAC0-1379-3CB4-7CD070938867}.Debug|Any CPU.Build.0 = Debug|Any CPU
		{03B4DDFA-AAC0-1379-3CB4-7CD070938867}.Release|Any CPU.ActiveCfg = Release|Any CPU
		{03B4DDFA-AAC0-1379-3CB4-7CD070938867}.Release|Any CPU.Build.0 = Release|Any CPU
		{203FC8C3-4AEF-6C85-555D-C873BABA7EDB}.Debug|Any CPU.ActiveCfg = Debug|Any CPU
		{203FC8C3-4AEF-6C85-555D-C873BABA7EDB}.Debug|Any CPU.Build.0 = Debug|Any CPU
		{203FC8C3-4AEF-6C85-555D-C873BABA7EDB}.Release|Any CPU.ActiveCfg = Release|Any CPU
		{203FC8C3-4AEF-6C85-555D-C873BABA7EDB}.Release|Any CPU.Build.0 = Release|Any CPU
		{0B925FD4-2EEC-E25A-1E77-02912D056D9E}.Debug|Any CPU.ActiveCfg = Debug|Any CPU
		{0B925FD4-2EEC-E25A-1E77-02912D056D9E}.Debug|Any CPU.Build.0 = Debug|Any CPU
		{0B925FD4-2EEC-E25A-1E77-02912D056D9E}.Release|Any CPU.ActiveCfg = Release|Any CPU
		{0B925FD4-2EEC-E25A-1E77-02912D056D9E}.Release|Any CPU.Build.0 = Release|Any CPU
		{E532DA9E-10FA-DE0D-1A1D-BA2C7A28F9AA}.Debug|Any CPU.ActiveCfg = Debug|Any CPU
		{E532DA9E-10FA-DE0D-1A1D-BA2C7A28F9AA}.Debug|Any CPU.Build.0 = Debug|Any CPU
		{E532DA9E-10FA-DE0D-1A1D-BA2C7A28F9AA}.Release|Any CPU.ActiveCfg = Release|Any CPU
		{E532DA9E-10FA-DE0D-1A1D-BA2C7A28F9AA}.Release|Any CPU.Build.0 = Release|Any CPU
		{DB062C32-54EB-4FE2-375B-6FF7F7185025}.Debug|Any CPU.ActiveCfg = Debug|Any CPU
		{DB062C32-54EB-4FE2-375B-6FF7F7185025}.Debug|Any CPU.Build.0 = Debug|Any CPU
		{DB062C32-54EB-4FE2-375B-6FF7F7185025}.Release|Any CPU.ActiveCfg = Release|Any CPU
		{DB062C32-54EB-4FE2-375B-6FF7F7185025}.Release|Any CPU.Build.0 = Release|Any CPU
		{C380800E-2E95-C234-6CA1-18089BC0F15F}.Debug|Any CPU.ActiveCfg = Debug|Any CPU
		{C380800E-2E95-C234-6CA1-18089BC0F15F}.Debug|Any CPU.Build.0 = Debug|Any CPU
		{C380800E-2E95-C234-6CA1-18089BC0F15F}.Release|Any CPU.ActiveCfg = Release|Any CPU
		{C380800E-2E95-C234-6CA1-18089BC0F15F}.Release|Any CPU.Build.0 = Release|Any CPU
		{BE9028DA-DCD1-7A66-9204-249CC66C5AD4}.Debug|Any CPU.ActiveCfg = Debug|Any CPU
		{BE9028DA-DCD1-7A66-9204-249CC66C5AD4}.Debug|Any CPU.Build.0 = Debug|Any CPU
		{BE9028DA-DCD1-7A66-9204-249CC66C5AD4}.Release|Any CPU.ActiveCfg = Release|Any CPU
		{BE9028DA-DCD1-7A66-9204-249CC66C5AD4}.Release|Any CPU.Build.0 = Release|Any CPU
		{AFE01BE1-D042-D851-C875-12F9A6D12C02}.Debug|Any CPU.ActiveCfg = Debug|Any CPU
		{AFE01BE1-D042-D851-C875-12F9A6D12C02}.Debug|Any CPU.Build.0 = Debug|Any CPU
		{AFE01BE1-D042-D851-C875-12F9A6D12C02}.Release|Any CPU.ActiveCfg = Release|Any CPU
		{AFE01BE1-D042-D851-C875-12F9A6D12C02}.Release|Any CPU.Build.0 = Release|Any CPU
		{652CDA87-F412-04EA-2EF7-F3104E9F11A3}.Debug|Any CPU.ActiveCfg = Debug|Any CPU
		{652CDA87-F412-04EA-2EF7-F3104E9F11A3}.Debug|Any CPU.Build.0 = Debug|Any CPU
		{652CDA87-F412-04EA-2EF7-F3104E9F11A3}.Release|Any CPU.ActiveCfg = Release|Any CPU
		{652CDA87-F412-04EA-2EF7-F3104E9F11A3}.Release|Any CPU.Build.0 = Release|Any CPU
		{8B6D0AD1-E39E-41D7-30ED-D86C07D63B18}.Debug|Any CPU.ActiveCfg = Debug|Any CPU
		{8B6D0AD1-E39E-41D7-30ED-D86C07D63B18}.Debug|Any CPU.Build.0 = Debug|Any CPU
		{8B6D0AD1-E39E-41D7-30ED-D86C07D63B18}.Release|Any CPU.ActiveCfg = Release|Any CPU
		{8B6D0AD1-E39E-41D7-30ED-D86C07D63B18}.Release|Any CPU.Build.0 = Release|Any CPU
		{BC58DC49-0737-BE32-642B-0A16B145730D}.Debug|Any CPU.ActiveCfg = Debug|Any CPU
		{BC58DC49-0737-BE32-642B-0A16B145730D}.Debug|Any CPU.Build.0 = Debug|Any CPU
		{BC58DC49-0737-BE32-642B-0A16B145730D}.Release|Any CPU.ActiveCfg = Release|Any CPU
		{BC58DC49-0737-BE32-642B-0A16B145730D}.Release|Any CPU.Build.0 = Release|Any CPU
		{F2AEC207-9ED2-D391-5108-E3C87D8A57C5}.Debug|Any CPU.ActiveCfg = Debug|Any CPU
		{F2AEC207-9ED2-D391-5108-E3C87D8A57C5}.Debug|Any CPU.Build.0 = Debug|Any CPU
		{F2AEC207-9ED2-D391-5108-E3C87D8A57C5}.Release|Any CPU.ActiveCfg = Release|Any CPU
		{F2AEC207-9ED2-D391-5108-E3C87D8A57C5}.Release|Any CPU.Build.0 = Release|Any CPU
		{A7853BA1-C165-DFFE-DC5B-DF57BDA25251}.Debug|Any CPU.ActiveCfg = Debug|Any CPU
		{A7853BA1-C165-DFFE-DC5B-DF57BDA25251}.Debug|Any CPU.Build.0 = Debug|Any CPU
		{A7853BA1-C165-DFFE-DC5B-DF57BDA25251}.Release|Any CPU.ActiveCfg = Release|Any CPU
		{A7853BA1-C165-DFFE-DC5B-DF57BDA25251}.Release|Any CPU.Build.0 = Release|Any CPU
		{6FDED85F-9FF2-7E57-14BB-54206ED9B9ED}.Debug|Any CPU.ActiveCfg = Debug|Any CPU
		{6FDED85F-9FF2-7E57-14BB-54206ED9B9ED}.Debug|Any CPU.Build.0 = Debug|Any CPU
		{6FDED85F-9FF2-7E57-14BB-54206ED9B9ED}.Release|Any CPU.ActiveCfg = Release|Any CPU
		{6FDED85F-9FF2-7E57-14BB-54206ED9B9ED}.Release|Any CPU.Build.0 = Release|Any CPU
		{42AB47A0-AD14-99C5-5312-A6178F09E133}.Debug|Any CPU.ActiveCfg = Debug|Any CPU
		{42AB47A0-AD14-99C5-5312-A6178F09E133}.Debug|Any CPU.Build.0 = Debug|Any CPU
		{42AB47A0-AD14-99C5-5312-A6178F09E133}.Release|Any CPU.ActiveCfg = Release|Any CPU
		{42AB47A0-AD14-99C5-5312-A6178F09E133}.Release|Any CPU.Build.0 = Release|Any CPU
		{C668450A-72AA-94D4-DA09-56FABA371FF1}.Debug|Any CPU.ActiveCfg = Debug|Any CPU
		{C668450A-72AA-94D4-DA09-56FABA371FF1}.Debug|Any CPU.Build.0 = Debug|Any CPU
		{C668450A-72AA-94D4-DA09-56FABA371FF1}.Release|Any CPU.ActiveCfg = Release|Any CPU
		{C668450A-72AA-94D4-DA09-56FABA371FF1}.Release|Any CPU.Build.0 = Release|Any CPU
		{A19A4DA0-F364-390A-C06A-48131849450C}.Debug|Any CPU.ActiveCfg = Debug|Any CPU
		{A19A4DA0-F364-390A-C06A-48131849450C}.Debug|Any CPU.Build.0 = Debug|Any CPU
		{A19A4DA0-F364-390A-C06A-48131849450C}.Release|Any CPU.ActiveCfg = Release|Any CPU
		{A19A4DA0-F364-390A-C06A-48131849450C}.Release|Any CPU.Build.0 = Release|Any CPU
		{05CCCDA7-75BA-534A-E7CB-C0B5B078902B}.Debug|Any CPU.ActiveCfg = Debug|Any CPU
		{05CCCDA7-75BA-534A-E7CB-C0B5B078902B}.Debug|Any CPU.Build.0 = Debug|Any CPU
		{05CCCDA7-75BA-534A-E7CB-C0B5B078902B}.Release|Any CPU.ActiveCfg = Release|Any CPU
		{05CCCDA7-75BA-534A-E7CB-C0B5B078902B}.Release|Any CPU.Build.0 = Release|Any CPU
		{C73A7B26-0CB6-E96F-A14C-92CEA14DA351}.Debug|Any CPU.ActiveCfg = Debug|Any CPU
		{C73A7B26-0CB6-E96F-A14C-92CEA14DA351}.Debug|Any CPU.Build.0 = Debug|Any CPU
		{C73A7B26-0CB6-E96F-A14C-92CEA14DA351}.Release|Any CPU.ActiveCfg = Release|Any CPU
		{C73A7B26-0CB6-E96F-A14C-92CEA14DA351}.Release|Any CPU.Build.0 = Release|Any CPU
		{1833860C-EA24-F67C-0CCD-8FB1AAB666B7}.Debug|Any CPU.ActiveCfg = Debug|Any CPU
		{1833860C-EA24-F67C-0CCD-8FB1AAB666B7}.Debug|Any CPU.Build.0 = Debug|Any CPU
		{1833860C-EA24-F67C-0CCD-8FB1AAB666B7}.Release|Any CPU.ActiveCfg = Release|Any CPU
		{1833860C-EA24-F67C-0CCD-8FB1AAB666B7}.Release|Any CPU.Build.0 = Release|Any CPU
		{BDAD884A-669F-A29A-5709-FAC7A4D35AE0}.Debug|Any CPU.ActiveCfg = Debug|Any CPU
		{BDAD884A-669F-A29A-5709-FAC7A4D35AE0}.Debug|Any CPU.Build.0 = Debug|Any CPU
		{BDAD884A-669F-A29A-5709-FAC7A4D35AE0}.Release|Any CPU.ActiveCfg = Release|Any CPU
		{BDAD884A-669F-A29A-5709-FAC7A4D35AE0}.Release|Any CPU.Build.0 = Release|Any CPU
		{2DB361D1-EAE7-E9E3-D22D-97D723B1CB5C}.Debug|Any CPU.ActiveCfg = Debug|Any CPU
		{2DB361D1-EAE7-E9E3-D22D-97D723B1CB5C}.Debug|Any CPU.Build.0 = Debug|Any CPU
		{2DB361D1-EAE7-E9E3-D22D-97D723B1CB5C}.Release|Any CPU.ActiveCfg = Release|Any CPU
		{2DB361D1-EAE7-E9E3-D22D-97D723B1CB5C}.Release|Any CPU.Build.0 = Release|Any CPU
		{4931D774-4EBA-5593-FEFA-98B31C7636AF}.Debug|Any CPU.ActiveCfg = Debug|Any CPU
		{4931D774-4EBA-5593-FEFA-98B31C7636AF}.Debug|Any CPU.Build.0 = Debug|Any CPU
		{4931D774-4EBA-5593-FEFA-98B31C7636AF}.Release|Any CPU.ActiveCfg = Release|Any CPU
		{4931D774-4EBA-5593-FEFA-98B31C7636AF}.Release|Any CPU.Build.0 = Release|Any CPU
	EndGlobalSection
	GlobalSection(SolutionProperties) = preSolution
		HideSolutionNode = FALSE
	EndGlobalSection
EndGlobal
