
Microsoft Visual Studio Solution File, Format Version 11.00
# Visual Studio 2010
Project("{FAE04EC0-301F-11D3-BF4B-00C04F79EFBC}") = "Assembly-CSharp", "Assembly-CSharp.csproj", "{2FB189F8-1FD9-6829-58D6-E6A4BC5267C4}"
EndProject
Project("{FAE04EC0-301F-11D3-BF4B-00C04F79EFBC}") = "Assembly-CSharp-Editor-firstpass", "Assembly-CSharp-Editor-firstpass.csproj", "{E0C08998-91B9-5A22-FB26-4061A0812A3B}"
EndProject
Global
	GlobalSection(SolutionConfigurationPlatforms) = preSolution
		Debug|Any CPU = Debug|Any CPU
		Release|Any CPU = Release|Any CPU
	EndGlobalSection
	GlobalSection(ProjectConfigurationPlatforms) = postSolution
		{2FB189F8-1FD9-6829-58D6-E6A4BC5267C4}.Debug|Any CPU.ActiveCfg = Debug|Any CPU
		{2FB189F8-1FD9-6829-58D6-E6A4BC5267C4}.Debug|Any CPU.Build.0 = Debug|Any CPU
		{2FB189F8-1FD9-6829-58D6-E6A4BC5267C4}.Release|Any CPU.ActiveCfg = Release|Any CPU
		{2FB189F8-1FD9-6829-58D6-E6A4BC5267C4}.Release|Any CPU.Build.0 = Release|Any CPU
		{E0C08998-91B9-5A22-FB26-4061A0812A3B}.Debug|Any CPU.ActiveCfg = Debug|Any CPU
		{E0C08998-91B9-5A22-FB26-4061A0812A3B}.Debug|Any CPU.Build.0 = Debug|Any CPU
		{E0C08998-91B9-5A22-FB26-4061A0812A3B}.Release|Any CPU.ActiveCfg = Release|Any CPU
		{E0C08998-91B9-5A22-FB26-4061A0812A3B}.Release|Any CPU.Build.0 = Release|Any CPU
	EndGlobalSection
	GlobalSection(SolutionProperties) = preSolution
		HideSolutionNode = FALSE
	EndGlobalSection
EndGlobal
